// !$*UTF8*$!
{
	archiveVersion = 1;
	classes = {
	};
	objectVersion = 55;
	objects = {

/* Begin PBXBuildFile section */
		81D66B9D27E0353600EFBADC /* Home.swift in Sources */ = {isa = PBXBuildFile; fileRef = 81D66B9C27E0353600EFBADC /* Home.swift */; };
		81DAAD8A27E01C0800045795 /* CustomAligment.swift in Sources */ = {isa = PBXBuildFile; fileRef = 81DAAD8927E01C0800045795 /* CustomAligment.swift */; };
		81DAAD8C27E0270B00045795 /* CustomTabView.swift in Sources */ = {isa = PBXBuildFile; fileRef = 81DAAD8B27E0270B00045795 /* CustomTabView.swift */; };
		81E1C5E227DCA99900AE43AE /* navigation3DDrawerApp.swift in Sources */ = {isa = PBXBuildFile; fileRef = 81E1C5E127DCA99900AE43AE /* navigation3DDrawerApp.swift */; };
		81E1C5E427DCA99900AE43AE /* ContentView.swift in Sources */ = {isa = PBXBuildFile; fileRef = 81E1C5E327DCA99900AE43AE /* ContentView.swift */; };
		81E1C5E627DCA99A00AE43AE /* Assets.xcassets in Resources */ = {isa = PBXBuildFile; fileRef = 81E1C5E527DCA99A00AE43AE /* Assets.xcassets */; };
		81E1C5E927DCA99A00AE43AE /* Preview Assets.xcassets in Resources */ = {isa = PBXBuildFile; fileRef = 81E1C5E827DCA99A00AE43AE /* Preview Assets.xcassets */; };
		81E1C5F227DCABF300AE43AE /* MainView.swift in Sources */ = {isa = PBXBuildFile; fileRef = 81E1C5F127DCABF300AE43AE /* MainView.swift */; };
		81E1C5F627DCAD0C00AE43AE /* SideMenu.swift in Sources */ = {isa = PBXBuildFile; fileRef = 81E1C5F527DCAD0C00AE43AE /* SideMenu.swift */; };
		81E1C5F927DCAE5F00AE43AE /* NavigationViewModel.swift in Sources */ = {isa = PBXBuildFile; fileRef = 81E1C5F827DCAE5F00AE43AE /* NavigationViewModel.swift */; };
/* End PBXBuildFile section */

/* Begin PBXFileReference section */
		81D66B9C27E0353600EFBADC /* Home.swift */ = {isa = PBXFileReference; lastKnownFileType = sourcecode.swift; path = Home.swift; sourceTree = "<group>"; };
		81DAAD8927E01C0800045795 /* CustomAligment.swift */ = {isa = PBXFileReference; lastKnownFileType = sourcecode.swift; path = CustomAligment.swift; sourceTree = "<group>"; };
		81DAAD8B27E0270B00045795 /* CustomTabView.swift */ = {isa = PBXFileReference; lastKnownFileType = sourcecode.swift; path = CustomTabView.swift; sourceTree = "<group>"; };
		81E1C5DE27DCA99900AE43AE /* navigation3DDrawer.app */ = {isa = PBXFileReference; explicitFileType = wrapper.application; includeInIndex = 0; path = navigation3DDrawer.app; sourceTree = BUILT_PRODUCTS_DIR; };
		81E1C5E127DCA99900AE43AE /* navigation3DDrawerApp.swift */ = {isa = PBXFileReference; lastKnownFileType = sourcecode.swift; path = navigation3DDrawerApp.swift; sourceTree = "<group>"; };
		81E1C5E327DCA99900AE43AE /* ContentView.swift */ = {isa = PBXFileReference; lastKnownFileType = sourcecode.swift; path = ContentView.swift; sourceTree = "<group>"; };
		81E1C5E527DCA99A00AE43AE /* Assets.xcassets */ = {isa = PBXFileReference; lastKnownFileType = folder.assetcatalog; path = Assets.xcassets; sourceTree = "<group>"; };
		81E1C5E827DCA99A00AE43AE /* Preview Assets.xcassets */ = {isa = PBXFileReference; lastKnownFileType = folder.assetcatalog; path = "Preview Assets.xcassets"; sourceTree = "<group>"; };
		81E1C5F127DCABF300AE43AE /* MainView.swift */ = {isa = PBXFileReference; lastKnownFileType = sourcecode.swift; path = MainView.swift; sourceTree = "<group>"; };
		81E1C5F527DCAD0C00AE43AE /* SideMenu.swift */ = {isa = PBXFileReference; lastKnownFileType = sourcecode.swift; path = SideMenu.swift; sourceTree = "<group>"; };
		81E1C5F827DCAE5F00AE43AE /* NavigationViewModel.swift */ = {isa = PBXFileReference; lastKnownFileType = sourcecode.swift; path = NavigationViewModel.swift; sourceTree = "<group>"; };
/* End PBXFileReference section */

/* Begin PBXFrameworksBuildPhase section */
		81E1C5DB27DCA99900AE43AE /* Frameworks */ = {
			isa = PBXFrameworksBuildPhase;
			buildActionMask = 2147483647;
			files = (
			);
			runOnlyForDeploymentPostprocessing = 0;
		};
/* End PBXFrameworksBuildPhase section */

/* Begin PBXGroup section */
		81D66B9B27E0352A00EFBADC /* Tabs */ = {
			isa = PBXGroup;
			children = (
				81D66B9C27E0353600EFBADC /* Home.swift */,
			);
			path = Tabs;
			sourceTree = "<group>";
		};
		81E1C5D527DCA99900AE43AE = {
			isa = PBXGroup;
			children = (
				81E1C5E027DCA99900AE43AE /* navigation3DDrawer */,
				81E1C5DF27DCA99900AE43AE /* Products */,
			);
			sourceTree = "<group>";
		};
		81E1C5DF27DCA99900AE43AE /* Products */ = {
			isa = PBXGroup;
			children = (
				81E1C5DE27DCA99900AE43AE /* navigation3DDrawer.app */,
			);
			name = Products;
			sourceTree = "<group>";
		};
		81E1C5E027DCA99900AE43AE /* navigation3DDrawer */ = {
			isa = PBXGroup;
			children = (
				81E1C5EF27DCABCF00AE43AE /* App */,
				81E1C5F727DCAE4200AE43AE /* ViewModel */,
				81E1C5F027DCABD800AE43AE /* View */,
				81E1C5E527DCA99A00AE43AE /* Assets.xcassets */,
				81E1C5E727DCA99A00AE43AE /* Preview Content */,
			);
			path = navigation3DDrawer;
			sourceTree = "<group>";
		};
		81E1C5E727DCA99A00AE43AE /* Preview Content */ = {
			isa = PBXGroup;
			children = (
				81E1C5E827DCA99A00AE43AE /* Preview Assets.xcassets */,
			);
			path = "Preview Content";
			sourceTree = "<group>";
		};
		81E1C5EF27DCABCF00AE43AE /* App */ = {
			isa = PBXGroup;
			children = (
				81E1C5E127DCA99900AE43AE /* navigation3DDrawerApp.swift */,
				81E1C5E327DCA99900AE43AE /* ContentView.swift */,
				81DAAD8927E01C0800045795 /* CustomAligment.swift */,
			);
			path = App;
			sourceTree = "<group>";
		};
		81E1C5F027DCABD800AE43AE /* View */ = {
			isa = PBXGroup;
			children = (
				81D66B9B27E0352A00EFBADC /* Tabs */,
				81E1C5F127DCABF300AE43AE /* MainView.swift */,
				81E1C5F527DCAD0C00AE43AE /* SideMenu.swift */,
				81DAAD8B27E0270B00045795 /* CustomTabView.swift */,
			);
			path = View;
			sourceTree = "<group>";
		};
		81E1C5F727DCAE4200AE43AE /* ViewModel */ = {
			isa = PBXGroup;
			children = (
				81E1C5F827DCAE5F00AE43AE /* NavigationViewModel.swift */,
			);
			path = ViewModel;
			sourceTree = "<group>";
		};
/* End PBXGroup section */

/* Begin PBXNativeTarget section */
		81E1C5DD27DCA99900AE43AE /* navigation3DDrawer */ = {
			isa = PBXNativeTarget;
			buildConfigurationList = 81E1C5EC27DCA99A00AE43AE /* Build configuration list for PBXNativeTarget "navigation3DDrawer" */;
			buildPhases = (
				81E1C5DA27DCA99900AE43AE /* Sources */,
				81E1C5DB27DCA99900AE43AE /* Frameworks */,
				81E1C5DC27DCA99900AE43AE /* Resources */,
			);
			buildRules = (
			);
			dependencies = (
			);
			name = navigation3DDrawer;
			productName = navigation3DDrawer;
			productReference = 81E1C5DE27DCA99900AE43AE /* navigation3DDrawer.app */;
			productType = "com.apple.product-type.application";
		};
/* End PBXNativeTarget section */

/* Begin PBXProject section */
		81E1C5D627DCA99900AE43AE /* Project object */ = {
			isa = PBXProject;
			attributes = {
				BuildIndependentTargetsInParallel = 1;
				LastSwiftUpdateCheck = 1320;
				LastUpgradeCheck = 1320;
				TargetAttributes = {
					81E1C5DD27DCA99900AE43AE = {
						CreatedOnToolsVersion = 13.2.1;
					};
				};
			};
			buildConfigurationList = 81E1C5D927DCA99900AE43AE /* Build configuration list for PBXProject "navigation3DDrawer" */;
			compatibilityVersion = "Xcode 13.0";
			developmentRegion = en;
			hasScannedForEncodings = 0;
			knownRegions = (
				en,
				Base,
			);
			mainGroup = 81E1C5D527DCA99900AE43AE;
			productRefGroup = 81E1C5DF27DCA99900AE43AE /* Products */;
			projectDirPath = "";
			projectRoot = "";
			targets = (
				81E1C5DD27DCA99900AE43AE /* navigation3DDrawer */,
			);
		};
/* End PBXProject section */

/* Begin PBXResourcesBuildPhase section */
		81E1C5DC27DCA99900AE43AE /* Resources */ = {
			isa = PBXResourcesBuildPhase;
			buildActionMask = 2147483647;
			files = (
				81E1C5E927DCA99A00AE43AE /* Preview Assets.xcassets in Resources */,
				81E1C5E627DCA99A00AE43AE /* Assets.xcassets in Resources */,
			);
			runOnlyForDeploymentPostprocessing = 0;
		};
/* End PBXResourcesBuildPhase section */

/* Begin PBXSourcesBuildPhase section */
		81E1C5DA27DCA99900AE43AE /* Sources */ = {
			isa = PBXSourcesBuildPhase;
			buildActionMask = 2147483647;
			files = (
				81E1C5F927DCAE5F00AE43AE /* NavigationViewModel.swift in Sources */,
				81DAAD8A27E01C0800045795 /* CustomAligment.swift in Sources */,
				81DAAD8C27E0270B00045795 /* CustomTabView.swift in Sources */,
				81E1C5E427DCA99900AE43AE /* ContentView.swift in Sources */,
				81E1C5F627DCAD0C00AE43AE /* SideMenu.swift in Sources */,
				81E1C5F227DCABF300AE43AE /* MainView.swift in Sources */,
				81D66B9D27E0353600EFBADC /* Home.swift in Sources */,
				81E1C5E227DCA99900AE43AE /* navigation3DDrawerApp.swift in Sources */,
			);
			runOnlyForDeploymentPostprocessing = 0;
		};
/* End PBXSourcesBuildPhase section */

/* Begin XCBuildConfiguration section */
		81E1C5EA27DCA99A00AE43AE /* Debug */ = {
			isa = XCBuildConfiguration;
			buildSettings = {
				ALWAYS_SEARCH_USER_PATHS = NO;
				CLANG_ANALYZER_NONNULL = YES;
				CLANG_ANALYZER_NUMBER_OBJECT_CONVERSION = YES_AGGRESSIVE;
				CLANG_CXX_LANGUAGE_STANDARD = "gnu++17";
				CLANG_CXX_LIBRARY = "libc++";
				CLANG_ENABLE_MODULES = YES;
				CLANG_ENABLE_OBJC_ARC = YES;
				CLANG_ENABLE_OBJC_WEAK = YES;
				CLANG_WARN_BLOCK_CAPTURE_AUTORELEASING = YES;
				CLANG_WARN_BOOL_CONVERSION = YES;
				CLANG_WARN_COMMA = YES;
				CLANG_WARN_CONSTANT_CONVERSION = YES;
				CLANG_WARN_DEPRECATED_OBJC_IMPLEMENTATIONS = YES;
				CLANG_WARN_DIRECT_OBJC_ISA_USAGE = YES_ERROR;
				CLANG_WARN_DOCUMENTATION_COMMENTS = YES;
				CLANG_WARN_EMPTY_BODY = YES;
				CLANG_WARN_ENUM_CONVERSION = YES;
				CLANG_WARN_INFINITE_RECURSION = YES;
				CLANG_WARN_INT_CONVERSION = YES;
				CLANG_WARN_NON_LITERAL_NULL_CONVERSION = YES;
				CLANG_WARN_OBJC_IMPLICIT_RETAIN_SELF = YES;
				CLANG_WARN_OBJC_LITERAL_CONVERSION = YES;
				CLANG_WARN_OBJC_ROOT_CLASS = YES_ERROR;
				CLANG_WARN_QUOTED_INCLUDE_IN_FRAMEWORK_HEADER = YES;
				CLANG_WARN_RANGE_LOOP_ANALYSIS = YES;
				CLANG_WARN_STRICT_PROTOTYPES = YES;
				CLANG_WARN_SUSPICIOUS_MOVE = YES;
				CLANG_WARN_UNGUARDED_AVAILABILITY = YES_AGGRESSIVE;
				CLANG_WARN_UNREACHABLE_CODE = YES;
				CLANG_WARN__DUPLICATE_METHOD_MATCH = YES;
				COPY_PHASE_STRIP = NO;
				DEBUG_INFORMATION_FORMAT = dwarf;
				ENABLE_STRICT_OBJC_MSGSEND = YES;
				ENABLE_TESTABILITY = YES;
				GCC_C_LANGUAGE_STANDARD = gnu11;
				GCC_DYNAMIC_NO_PIC = NO;
				GCC_NO_COMMON_BLOCKS = YES;
				GCC_OPTIMIZATION_LEVEL = 0;
				GCC_PREPROCESSOR_DEFINITIONS = (
					"DEBUG=1",
					"$(inherited)",
				);
				GCC_WARN_64_TO_32_BIT_CONVERSION = YES;
				GCC_WARN_ABOUT_RETURN_TYPE = YES_ERROR;
				GCC_WARN_UNDECLARED_SELECTOR = YES;
				GCC_WARN_UNINITIALIZED_AUTOS = YES_AGGRESSIVE;
				GCC_WARN_UNUSED_FUNCTION = YES;
				GCC_WARN_UNUSED_VARIABLE = YES;
				IPHONEOS_DEPLOYMENT_TARGET = 15.2;
				MTL_ENABLE_DEBUG_INFO = INCLUDE_SOURCE;
				MTL_FAST_MATH = YES;
				ONLY_ACTIVE_ARCH = YES;
				SDKROOT = iphoneos;
				SWIFT_ACTIVE_COMPILATION_CONDITIONS = DEBUG;
				SWIFT_OPTIMIZATION_LEVEL = "-Onone";
			};
			name = Debug;
		};
		81E1C5EB27DCA99A00AE43AE /* Release */ = {
			isa = XCBuildConfiguration;
			buildSettings = {
				ALWAYS_SEARCH_USER_PATHS = NO;
				CLANG_ANALYZER_NONNULL = YES;
				CLANG_ANALYZER_NUMBER_OBJECT_CONVERSION = YES_AGGRESSIVE;
				CLANG_CXX_LANGUAGE_STANDARD = "gnu++17";
				CLANG_CXX_LIBRARY = "libc++";
				CLANG_ENABLE_MODULES = YES;
				CLANG_ENABLE_OBJC_ARC = YES;
				CLANG_ENABLE_OBJC_WEAK = YES;
				CLANG_WARN_BLOCK_CAPTURE_AUTORELEASING = YES;
				CLANG_WARN_BOOL_CONVERSION = YES;
				CLANG_WARN_COMMA = YES;
				CLANG_WARN_CONSTANT_CONVERSION = YES;
				CLANG_WARN_DEPRECATED_OBJC_IMPLEMENTATIONS = YES;
				CLANG_WARN_DIRECT_OBJC_ISA_USAGE = YES_ERROR;
				CLANG_WARN_DOCUMENTATION_COMMENTS = YES;
				CLANG_WARN_EMPTY_BODY = YES;
				CLANG_WARN_ENUM_CONVERSION = YES;
				CLANG_WARN_INFINITE_RECURSION = YES;
				CLANG_WARN_INT_CONVERSION = YES;
				CLANG_WARN_NON_LITERAL_NULL_CONVERSION = YES;
				CLANG_WARN_OBJC_IMPLICIT_RETAIN_SELF = YES;
				CLANG_WARN_OBJC_LITERAL_CONVERSION = YES;
				CLANG_WARN_OBJC_ROOT_CLASS = YES_ERROR;
				CLANG_WARN_QUOTED_INCLUDE_IN_FRAMEWORK_HEADER = YES;
				CLANG_WARN_RANGE_LOOP_ANALYSIS = YES;
				CLANG_WARN_STRICT_PROTOTYPES = YES;
				CLANG_WARN_SUSPICIOUS_MOVE = YES;
				CLANG_WARN_UNGUARDED_AVAILABILITY = YES_AGGRESSIVE;
				CLANG_WARN_UNREACHABLE_CODE = YES;
				CLANG_WARN__DUPLICATE_METHOD_MATCH = YES;
				COPY_PHASE_STRIP = NO;
				DEBUG_INFORMATION_FORMAT = "dwarf-with-dsym";
				ENABLE_NS_ASSERTIONS = NO;
				ENABLE_STRICT_OBJC_MSGSEND = YES;
				GCC_C_LANGUAGE_STANDARD = gnu11;
				GCC_NO_COMMON_BLOCKS = YES;
				GCC_WARN_64_TO_32_BIT_CONVERSION = YES;
				GCC_WARN_ABOUT_RETURN_TYPE = YES_ERROR;
				GCC_WARN_UNDECLARED_SELECTOR = YES;
				GCC_WARN_UNINITIALIZED_AUTOS = YES_AGGRESSIVE;
				GCC_WARN_UNUSED_FUNCTION = YES;
				GCC_WARN_UNUSED_VARIABLE = YES;
				IPHONEOS_DEPLOYMENT_TARGET = 15.2;
				MTL_ENABLE_DEBUG_INFO = NO;
				MTL_FAST_MATH = YES;
				SDKROOT = iphoneos;
				SWIFT_COMPILATION_MODE = wholemodule;
				SWIFT_OPTIMIZATION_LEVEL = "-O";
				VALIDATE_PRODUCT = YES;
			};
			name = Release;
		};
		81E1C5ED27DCA99A00AE43AE /* Debug */ = {
			isa = XCBuildConfiguration;
			buildSettings = {
				ASSETCATALOG_COMPILER_APPICON_NAME = AppIcon;
				ASSETCATALOG_COMPILER_GLOBAL_ACCENT_COLOR_NAME = AccentColor;
				CODE_SIGN_STYLE = Automatic;
				CURRENT_PROJECT_VERSION = 1;
				DEVELOPMENT_ASSET_PATHS = "\"navigation3DDrawer/Preview Content\"";
				DEVELOPMENT_TEAM = M63L6X73D4;
				ENABLE_PREVIEWS = YES;
				GENERATE_INFOPLIST_FILE = YES;
				INFOPLIST_KEY_UIApplicationSceneManifest_Generation = YES;
				INFOPLIST_KEY_UIApplicationSupportsIndirectInputEvents = YES;
				INFOPLIST_KEY_UILaunchScreen_Generation = YES;
				INFOPLIST_KEY_UISupportedInterfaceOrientations_iPad = "UIInterfaceOrientationPortrait UIInterfaceOrientationPortraitUpsideDown UIInterfaceOrientationLandscapeLeft UIInterfaceOrientationLandscapeRight";
				INFOPLIST_KEY_UISupportedInterfaceOrientations_iPhone = "UIInterfaceOrientationPortrait UIInterfaceOrientationLandscapeLeft UIInterfaceOrientationLandscapeRight";
				LD_RUNPATH_SEARCH_PATHS = (
					"$(inherited)",
					"@executable_path/Frameworks",
				);
				MARKETING_VERSION = 1.0;
				PRODUCT_BUNDLE_IDENTIFIER = info.jacobko.navigation3DDrawer;
				PRODUCT_NAME = "$(TARGET_NAME)";
				SWIFT_EMIT_LOC_STRINGS = YES;
				SWIFT_VERSION = 5.0;
				TARGETED_DEVICE_FAMILY = "1,2";
			};
			name = Debug;
		};
		81E1C5EE27DCA99A00AE43AE /* Release */ = {
			isa = XCBuildConfiguration;
			buildSettings = {
				ASSETCATALOG_COMPILER_APPICON_NAME = AppIcon;
				ASSETCATALOG_COMPILER_GLOBAL_ACCENT_COLOR_NAME = AccentColor;
				CODE_SIGN_STYLE = Automatic;
				CURRENT_PROJECT_VERSION = 1;
				DEVELOPMENT_ASSET_PATHS = "\"navigation3DDrawer/Preview Content\"";
				DEVELOPMENT_TEAM = M63L6X73D4;
				ENABLE_PREVIEWS = YES;
				GENERATE_INFOPLIST_FILE = YES;
				INFOPLIST_KEY_UIApplicationSceneManifest_Generation = YES;
				INFOPLIST_KEY_UIApplicationSupportsIndirectInputEvents = YES;
				INFOPLIST_KEY_UILaunchScreen_Generation = YES;
				INFOPLIST_KEY_UISupportedInterfaceOrientations_iPad = "UIInterfaceOrientationPortrait UIInterfaceOrientationPortraitUpsideDown UIInterfaceOrientationLandscapeLeft UIInterfaceOrientationLandscapeRight";
				INFOPLIST_KEY_UISupportedInterfaceOrientations_iPhone = "UIInterfaceOrientationPortrait UIInterfaceOrientationLandscapeLeft UIInterfaceOrientationLandscapeRight";
				LD_RUNPATH_SEARCH_PATHS = (
					"$(inherited)",
					"@executable_path/Frameworks",
				);
				MARKETING_VERSION = 1.0;
				PRODUCT_BUNDLE_IDENTIFIER = info.jacobko.navigation3DDrawer;
				PRODUCT_NAME = "$(TARGET_NAME)";
				SWIFT_EMIT_LOC_STRINGS = YES;
				SWIFT_VERSION = 5.0;
				TARGETED_DEVICE_FAMILY = "1,2";
			};
			name = Release;
		};
/* End XCBuildConfiguration section */

/* Begin XCConfigurationList section */
		81E1C5D927DCA99900AE43AE /* Build configuration list for PBXProject "navigation3DDrawer" */ = {
			isa = XCConfigurationList;
			buildConfigurations = (
				81E1C5EA27DCA99A00AE43AE /* Debug */,
				81E1C5EB27DCA99A00AE43AE /* Release */,
			);
			defaultConfigurationIsVisible = 0;
			defaultConfigurationName = Release;
		};
		81E1C5EC27DCA99A00AE43AE /* Build configuration list for PBXNativeTarget "navigation3DDrawer" */ = {
			isa = XCConfigurationList;
			buildConfigurations = (
				81E1C5ED27DCA99A00AE43AE /* Debug */,
				81E1C5EE27DCA99A00AE43AE /* Release */,
			);
			defaultConfigurationIsVisible = 0;
			defaultConfigurationName = Release;
		};
/* End XCConfigurationList section */
	};
	rootObject = 81E1C5D627DCA99900AE43AE /* Project object */;
}
